github.com/BurntSushi/toml v1.6.0 h1:dRaEfpa2VI55EwlIW72hMRHdWouJeRF7TPYhI+AUQjk=
github.com/BurntSushi/toml v1.6.0/go.mod h1:ukJfTF/6rtPPRCnwkur4qwRxa8vTRFBF0uk2lLoLwho=
github.com/cplieger/atomicfile/v2 v2.9.1 h1:ffPe0EEDOUuVJCFpYlj6GbyBBQe6B/M2pYAlgXvXreM=
github.com/cplieger/atomicfile/v2 v2.9.1/go.mod h1:nGhc6CiB3BdQtQsKh/E4Trp5kr4wRxcpslZYsc/qBRQ=
github.com/cplieger/httpx/v4 v4.3.1 h1:XDyP4i0k02B6wvnW4mp0KQ7vM6RIHtzkkP0Gzzu2GVI=
github.com/cplieger/httpx/v4 v4.3.1/go.mod h1:0coefCZ470kiMATdNrU0CY5a4g/W7pFy0433CVZHwWc=
github.com/cplieger/keyenc v1.0.2 h1:1DjKsJOOXOu7Qdhupj7S5Wq6fcrA1moKnBZBrF37XiE=
github.com/cplieger/keyenc v1.0.2/go.mod h1:Q9zMsHPmtkcMvl8PjC2r3YIOoDicMlUcwkEdv+9oK2I=
github.com/cplieger/pathinside v1.0.1 h1:9V47HfttoYR8V0JE24u50KGNujXmnWLVdIiOGawsY3w=
github.com/cplieger/pathinside v1.0.1/go.mod h1:WLX0Ih8PbQmhaKmaUjJ+OhaiggEeIFqSFy9Qs1oDQKo=
github.com/cplieger/scheduler/v3 v3.0.1 h1:ojSjH+GTpXvJ3WkYCJ8zUenjSGYR7It0aM8o4EZuMbo=
github.com/cplieger/scheduler/v3 v3.0.1/go.mod h1:1oUtp6Fnt35v1VR0QKf1axoTyO/Sq3nLea/CGa8cz14=
github.com/cplieger/ssrf/v3 v3.0.1 h1:rtRD08Li3O5YKineCNHJWeCfPzmygSNRyWDExtawL0w=
github.com/cplieger/ssrf/v3 v3.0.1/go.mod h1:spoZ/AoSyYlf7ha4959OzhvoaWgkSNgCBnvE+GwgkH4=
github.com/cplieger/webhttp v1.23.1 h1:516SQtv8ARg5MjdqigF8/AXJttWt3LqmKd4rOLXm2bs=
github.com/cplieger/webhttp v1.23.1/go.mod h1:zamKuC9sws/0ql2zKMroo0bCLUCqvNkgJpK2Ot5GwRo=
github.com/expr-lang/expr v1.17.8 h1:W1loDTT+0PQf5YteHSTpju2qfUfNoBt4yw9+wOEU9VM=
github.com/expr-lang/expr v1.17.8/go.mod h1:8/vRC7+7HBzESEqt5kKpYXxrxkr31SaO8r40VO/1IT4=
github.com/hashicorp/go-version v1.9.0 h1:CeOIz6k+LoN3qX9Z0tyQrPtiB1DFYRPfCIBtaXPSCnA=
github.com/hashicorp/go-version v1.9.0/go.mod h1:fltr4n8CU8Ke44wwGCBoEymUuxUHl09ZGVZPK5anwXA=
go.yaml.in/yaml/v3 v3.0.5 h1:N6y/pJk8buWs9NY5ERU2HSMfm+IuD/OtfdAnq6kESPw=
go.yaml.in/yaml/v3 v3.0.5/go.mod h1:HVTZu1O7/Vkt2N+BFy8Zza+lnLsABggaTM2ZpNIGuKg=
golang.org/x/mod v0.40.0 h1:hUv+3cXcdRHz08UmSiOob7sadHig73uo5bkXxQ/tvUs=
golang.org/x/mod v0.40.0/go.mod h1:0/weTWkPWGBikyTWAX3dkjVztMmBA5hM0DH6BElSupE=
pgregory.net/rapid v1.3.0 h1:vBvO0VSqti75J1jjYqpgPNBLKMd1+gxa9fYo7vk/Exc=
pgregory.net/rapid v1.3.0/go.mod h1:dPlE4OBBxgXPqkP79flB6sJL1dx5azpI7HQ9MY9Z7uk=
