github.com/BurntSushi/toml v1.6.0 h1:dRaEfpa2VI55EwlIW72hMRHdWouJeRF7TPYhI+AUQjk=
github.com/BurntSushi/toml v1.6.0/go.mod h1:ukJfTF/6rtPPRCnwkur4qwRxa8vTRFBF0uk2lLoLwho=
github.com/cplieger/atomicfile/v2 v2.6.0 h1:CNS3A+SH4YlDz217BVQyHEoCVu3d/x5W+yFz7b6u7+M=
github.com/cplieger/atomicfile/v2 v2.6.0/go.mod h1:jgwJ7oU3qahL4NwiF+1iBIzPRpR8LwXnicSalGoJeVA=
github.com/cplieger/httpx/v4 v4.3.0 h1:L81rPl89hhDnancLYMZEScwAsil7PRIaV60c9jbt8C0=
github.com/cplieger/httpx/v4 v4.3.0/go.mod h1:bfJDGEQRWEwLu6mlwk49PfDIAETABwhlp+DAWFXo8XE=
github.com/cplieger/keyenc v1.0.1 h1:2NXyt2JTLC6J/b6DgBn0es7i3YjLsBxp2b+wJNKc1Pg=
github.com/cplieger/keyenc v1.0.1/go.mod h1:p1k0R76F3pZH5i+OrNd3UazKrcsYL26H3kXly083ozA=
github.com/cplieger/pathinside v1.0.0 h1:w58q7tntX7VcVnDmF4r/FNKnvl1yLq4tDac845XTdBU=
github.com/cplieger/pathinside v1.0.0/go.mod h1:yHMRs1HFsqkCGWYUzRCD+DoKWCIZE8Uj0wTKkFTFUsg=
github.com/cplieger/scheduler/v3 v3.0.0 h1:vka8qTY7q6yK6pOQyoi8YXB+4fW59RqUD1XaMNIx0ZU=
github.com/cplieger/scheduler/v3 v3.0.0/go.mod h1:CHPRYuZ+C5HDH0hviAuXHMIOVD9WZyn39HIs0oeFA1k=
github.com/cplieger/ssrf/v3 v3.0.0 h1:wIrJ6rDkuMvsNqGQ1J25iTnn/xFxLD2fEwOsdiwNrYA=
github.com/cplieger/ssrf/v3 v3.0.0/go.mod h1:887QK6H7IDoYavU5I/0K/0rFRX29bTfP9SeS1x75tls=
github.com/cplieger/webhttp v1.21.0 h1:dTfAcAZqLO3Fen9xKiWkZ/CH3775+6dkoS4UiG0hi7M=
github.com/cplieger/webhttp v1.21.0/go.mod h1:RYtweYFUohqE5DIOt06Ypr0j9VHXjxSPBLIG3vM0H44=
github.com/expr-lang/expr v1.17.8 h1:W1loDTT+0PQf5YteHSTpju2qfUfNoBt4yw9+wOEU9VM=
github.com/expr-lang/expr v1.17.8/go.mod h1:8/vRC7+7HBzESEqt5kKpYXxrxkr31SaO8r40VO/1IT4=
github.com/hashicorp/go-version v1.9.0 h1:CeOIz6k+LoN3qX9Z0tyQrPtiB1DFYRPfCIBtaXPSCnA=
github.com/hashicorp/go-version v1.9.0/go.mod h1:fltr4n8CU8Ke44wwGCBoEymUuxUHl09ZGVZPK5anwXA=
go.yaml.in/yaml/v3 v3.0.5 h1:N6y/pJk8buWs9NY5ERU2HSMfm+IuD/OtfdAnq6kESPw=
go.yaml.in/yaml/v3 v3.0.5/go.mod h1:HVTZu1O7/Vkt2N+BFy8Zza+lnLsABggaTM2ZpNIGuKg=
golang.org/x/mod v0.38.0 h1:MECBjubtXD7yj4HrhIUcywNaGeNVUdfVnxmPajOk4yk=
golang.org/x/mod v0.38.0/go.mod h1:V6Xz0pq8TQ3dGqVQ1FVHuelZpAL0uNhSkk9ogYP3c40=
pgregory.net/rapid v1.3.0 h1:vBvO0VSqti75J1jjYqpgPNBLKMd1+gxa9fYo7vk/Exc=
pgregory.net/rapid v1.3.0/go.mod h1:dPlE4OBBxgXPqkP79flB6sJL1dx5azpI7HQ9MY9Z7uk=
