github.com/BurntSushi/toml v1.6.0 h1:dRaEfpa2VI55EwlIW72hMRHdWouJeRF7TPYhI+AUQjk=
github.com/BurntSushi/toml v1.6.0/go.mod h1:ukJfTF/6rtPPRCnwkur4qwRxa8vTRFBF0uk2lLoLwho=
github.com/cplieger/atomicfile/v3 v3.0.0 h1:IQI5CN6cG6ZWIwm9r4zjJ7AiqgSJaaV9NuvuGldVvJI=
github.com/cplieger/atomicfile/v3 v3.0.0/go.mod h1:p1o6Tes6zmq8+/d3k/+eN0jvXXco+vt3xCi9v0d5jkI=
github.com/cplieger/httpx/v5 v5.0.0 h1:S7jCBzPfOHHXZuFEsaN35UthMZpvlN/aYywP5nb1itI=
github.com/cplieger/httpx/v5 v5.0.0/go.mod h1:3ap2CAq592k7smKhe3lWrwklthtmJ6L4cIWMTMM8O10=
github.com/cplieger/keyenc v1.0.4 h1:05UgFc/1WuJjiVh4akE42Pg9pb4xc65XzEzug6jSsAM=
github.com/cplieger/keyenc v1.0.4/go.mod h1:mTELWm83F5U4bcpkYcq9cF0WLS5dje6e89fd/U9Smm8=
github.com/cplieger/pathinside/v2 v2.0.0 h1:UZxSiu3UBCCs+Xe0+Of+oTLyzL+4wchKO2tShGxK8b8=
github.com/cplieger/pathinside/v2 v2.0.0/go.mod h1:XuMYE6rO3te8Yf6Zcy35PLMgDcWaIz3RglJatWPhHnU=
github.com/cplieger/scheduler/v4 v4.0.0 h1:Td1pHPkHCtIR4Cczi0/0yAeJgba0ZmXCnfxU0jSPfAI=
github.com/cplieger/scheduler/v4 v4.0.0/go.mod h1:OZUt7EXSm8c6Ao+YM/CwVPEGrgYsihawSAPqqpTgwbw=
github.com/cplieger/ssrf/v4 v4.0.0 h1:FTzImwYJt306SLSD/Yjx3AeqWthzkbijZagfRiXutL8=
github.com/cplieger/ssrf/v4 v4.0.0/go.mod h1:MxhymcOFPrio7RV9QGh118cJXHzdSzWvv+nTDs+fung=
github.com/cplieger/webhttp/v2 v2.0.0 h1:0kZfGTUIX3ltdW5Nah95/oa9BtARePlOMP6HGy6to4o=
github.com/cplieger/webhttp/v2 v2.0.0/go.mod h1:63pP3oJEpsk2kEAonLuxjDh6V4IR5bO06N575hvuNag=
github.com/expr-lang/expr v1.17.8 h1:W1loDTT+0PQf5YteHSTpju2qfUfNoBt4yw9+wOEU9VM=
github.com/expr-lang/expr v1.17.8/go.mod h1:8/vRC7+7HBzESEqt5kKpYXxrxkr31SaO8r40VO/1IT4=
github.com/hashicorp/go-version v1.9.0 h1:CeOIz6k+LoN3qX9Z0tyQrPtiB1DFYRPfCIBtaXPSCnA=
github.com/hashicorp/go-version v1.9.0/go.mod h1:fltr4n8CU8Ke44wwGCBoEymUuxUHl09ZGVZPK5anwXA=
go.yaml.in/yaml/v3 v3.0.5 h1:N6y/pJk8buWs9NY5ERU2HSMfm+IuD/OtfdAnq6kESPw=
go.yaml.in/yaml/v3 v3.0.5/go.mod h1:HVTZu1O7/Vkt2N+BFy8Zza+lnLsABggaTM2ZpNIGuKg=
golang.org/x/mod v0.40.0 h1:hUv+3cXcdRHz08UmSiOob7sadHig73uo5bkXxQ/tvUs=
golang.org/x/mod v0.40.0/go.mod h1:0/weTWkPWGBikyTWAX3dkjVztMmBA5hM0DH6BElSupE=
pgregory.net/rapid v1.3.0 h1:vBvO0VSqti75J1jjYqpgPNBLKMd1+gxa9fYo7vk/Exc=
pgregory.net/rapid v1.3.0/go.mod h1:dPlE4OBBxgXPqkP79flB6sJL1dx5azpI7HQ9MY9Z7uk=
